
Microsoft Visual Studio Solution File, Format Version 12.00
# Visual Studio Version 16
VisualStudioVersion = 16.0.31624.102
MinimumVisualStudioVersion = 10.0.40219.1
Project("{FAE04EC0-301F-11D3-BF4B-00C04F79EFBC}") = "Class", "Class\Class.csproj", "{ADFF0DD4-9476-48B5-89A0-85AB7A413A2D}"
EndProject
Global
	GlobalSection(SolutionConfigurationPlatforms) = preSolution
		Debug|Any CPU = Debug|Any CPU
		Release|Any CPU = Release|Any CPU
	EndGlobalSection
	GlobalSection(ProjectConfigurationPlatforms) = postSolution
		{ADFF0DD4-9476-48B5-89A0-85AB7A413A2D}.Debug|Any CPU.ActiveCfg = Debug|Any CPU
		{ADFF0DD4-9476-48B5-89A0-85AB7A413A2D}.Debug|Any CPU.Build.0 = Debug|Any CPU
		{ADFF0DD4-9476-48B5-89A0-85AB7A413A2D}.Release|Any CPU.ActiveCfg = Release|Any CPU
		{ADFF0DD4-9476-48B5-89A0-85AB7A413A2D}.Release|Any CPU.Build.0 = Release|Any CPU
	EndGlobalSection
	GlobalSection(SolutionProperties) = preSolution
		HideSolutionNode = FALSE
	EndGlobalSection
	GlobalSection(ExtensibilityGlobals) = postSolution
		SolutionGuid = {16D02BF4-93B6-4996-8B39-30D3646C275A}
	EndGlobalSection
EndGlobal
